
Microsoft Visual Studio Solution File, Format Version 12.00
# Visual Studio Version 16
VisualStudioVersion = 16.0.31727.386
MinimumVisualStudioVersion = 10.0.40219.1
Project("{8BC9CEB8-8B4A-11D0-8D11-00A0C91BC942}") = "math_101", "math_101.vcxproj", "{EFCB9826-EB67-4F5E-B1BD-70D93136BA21}"
EndProject
Global
	GlobalSection(SolutionConfigurationPlatforms) = preSolution
		Debug|x64 = Debug|x64
		Debug|x86 = Debug|x86
		Release|x64 = Release|x64
		Release|x86 = Release|x86
	EndGlobalSection
	GlobalSection(ProjectConfigurationPlatforms) = postSolution
		{EFCB9826-EB67-4F5E-B1BD-70D93136BA21}.Debug|x64.ActiveCfg = Debug|x64
		{EFCB9826-EB67-4F5E-B1BD-70D93136BA21}.Debug|x64.Build.0 = Debug|x64
		{EFCB9826-EB67-4F5E-B1BD-70D93136BA21}.Debug|x86.ActiveCfg = Debug|Win32
		{EFCB9826-EB67-4F5E-B1BD-70D93136BA21}.Debug|x86.Build.0 = Debug|Win32
		{EFCB9826-EB67-4F5E-B1BD-70D93136BA21}.Release|x64.ActiveCfg = Release|x64
		{EFCB9826-EB67-4F5E-B1BD-70D93136BA21}.Release|x64.Build.0 = Release|x64
		{EFCB9826-EB67-4F5E-B1BD-70D93136BA21}.Release|x86.ActiveCfg = Release|Win32
		{EFCB9826-EB67-4F5E-B1BD-70D93136BA21}.Release|x86.Build.0 = Release|Win32
	EndGlobalSection
	GlobalSection(SolutionProperties) = preSolution
		HideSolutionNode = FALSE
	EndGlobalSection
	GlobalSection(ExtensibilityGlobals) = postSolution
		SolutionGuid = {1782F875-19BC-40B6-8123-386ED053E949}
	EndGlobalSection
EndGlobal
